
Microsoft Visual Studio Solution File, Format Version 12.00
# Visual Studio 15
VisualStudioVersion = 15.0.27428.2002
MinimumVisualStudioVersion = 10.0.40219.1
Project("{FAE04EC0-301F-11D3-BF4B-00C04F79EFBC}") = "hash table", "hash table\hash table.csproj", "{315160C0-2A8B-4197-88AD-36931A3D371A}"
EndProject
Project("{FAE04EC0-301F-11D3-BF4B-00C04F79EFBC}") = "hashTable.Tests", "hashTable.Tests\hashTable.Tests.csproj", "{14D6E82A-8F65-4D0A-B6C2-55B794B86D5D}"
EndProject
Global
	GlobalSection(SolutionConfigurationPlatforms) = preSolution
		Debug|Any CPU = Debug|Any CPU
		Release|Any CPU = Release|Any CPU
	EndGlobalSection
	GlobalSection(ProjectConfigurationPlatforms) = postSolution
		{315160C0-2A8B-4197-88AD-36931A3D371A}.Debug|Any CPU.ActiveCfg = Debug|Any CPU
		{315160C0-2A8B-4197-88AD-36931A3D371A}.Debug|Any CPU.Build.0 = Debug|Any CPU
		{315160C0-2A8B-4197-88AD-36931A3D371A}.Release|Any CPU.ActiveCfg = Release|Any CPU
		{315160C0-2A8B-4197-88AD-36931A3D371A}.Release|Any CPU.Build.0 = Release|Any CPU
		{14D6E82A-8F65-4D0A-B6C2-55B794B86D5D}.Debug|Any CPU.ActiveCfg = Debug|Any CPU
		{14D6E82A-8F65-4D0A-B6C2-55B794B86D5D}.Debug|Any CPU.Build.0 = Debug|Any CPU
		{14D6E82A-8F65-4D0A-B6C2-55B794B86D5D}.Release|Any CPU.ActiveCfg = Release|Any CPU
		{14D6E82A-8F65-4D0A-B6C2-55B794B86D5D}.Release|Any CPU.Build.0 = Release|Any CPU
	EndGlobalSection
	GlobalSection(SolutionProperties) = preSolution
		HideSolutionNode = FALSE
	EndGlobalSection
	GlobalSection(ExtensibilityGlobals) = postSolution
		SolutionGuid = {DF78A49E-FBCD-4C46-88EA-D8AFE75A3D94}
	EndGlobalSection
EndGlobal
